Microsoft Visual Studio Solution File, Format Version 11.00
# Visual Studio 2008

Project("{23895028-9B50-EB0F-0BBE-7849DCB57770}") = "2D-RTS-Project", "Assembly-CSharp-vs.csproj", "{3D22E0FD-DC09-6931-9D31-29F43EDBCAFF}"
EndProject
Global
	GlobalSection(SolutionConfigurationPlatforms) = preSolution
		Debug|Any CPU = Debug|Any CPU
		Release|Any CPU = Release|Any CPU
	EndGlobalSection
	GlobalSection(ProjectConfigurationPlatforms) = postSolution
		{3D22E0FD-DC09-6931-9D31-29F43EDBCAFF}.Debug|Any CPU.ActiveCfg = Debug|Any CPU
		{3D22E0FD-DC09-6931-9D31-29F43EDBCAFF}.Debug|Any CPU.Build.0 = Debug|Any CPU
		{3D22E0FD-DC09-6931-9D31-29F43EDBCAFF}.Release|Any CPU.ActiveCfg = Release|Any CPU
		{3D22E0FD-DC09-6931-9D31-29F43EDBCAFF}.Release|Any CPU.Build.0 = Release|Any CPU
	EndGlobalSection
	GlobalSection(SolutionProperties) = preSolution
		HideSolutionNode = FALSE
	EndGlobalSection
																																																																																	GlobalSection(MonoDevelopProperties) = preSolution
=======
<<<<<<< HEAD
																								GlobalSection(MonoDevelopProperties) = preSolution
=======
																			GlobalSection(MonoDevelopProperties) = preSolution
>>>>>>> origin/master
>>>>>>> a8ac72a6d9150f0f2fbd49e6959dbcd8ed8cb6e8:2D-RTS-Project/2D-RTS-Project/2D-RTS-Project.sln
		StartupItem = Assembly-CSharp.csproj
		Policies = $0
		$0.TextStylePolicy = $1
		$1.inheritsSet = null
		$1.scope = text/x-csharp
		$0.CSharpFormattingPolicy = $2
		$2.inheritsSet = Mono
		$2.inheritsScope = text/x-csharp
		$2.scope = text/x-csharp
		$0.TextStylePolicy = $3
		$3.FileWidth = 120
		$3.TabWidth = 4
		$3.EolMarker = Unix
		$3.inheritsSet = Mono
		$3.inheritsScope = text/plain
		$3.scope = text/plain
	EndGlobalSection

EndGlobal
